{
  "version": 4,
  "terraform_version": "1.14.0",
  "serial": 81,
  "lineage": "77dcd182-485e-cffe-fe51-06c773ea2c2e",
  "outputs": {
    "cloudwatch_log_group": {
      "value": "/ecs/watts-my-electricity-bill-be-dev",
      "type": "string"
    },
    "ecr_repository_name": {
      "value": "watts-my-electricity-bill-be-dev",
      "type": "string"
    },
    "ecr_repository_url": {
      "value": "559413641916.dkr.ecr.us-east-1.amazonaws.com/watts-my-electricity-bill-be-dev",
      "type": "string"
    },
    "ecs_cluster_name": {
      "value": "watts-my-electricity-bill-be-dev-cluster",
      "type": "string"
    },
    "ecs_service_name": {
      "value": "watts-my-electricity-bill-be-dev-service",
      "type": "string"
    },
    "ecs_task_execution_role_arn": {
      "value": "arn:aws:iam::559413641916:role/watts-my-electricity-bill-be-dev-ecs-execution-role",
      "type": "string"
    },
    "ecs_task_role_arn": {
      "value": "arn:aws:iam::559413641916:role/watts-my-electricity-bill-be-dev-ecs-execution-db-role",
      "type": "string"
    },
    "rds_endpoint": {
      "value": "rails-postgres.c494qmu2cqts.us-east-1.rds.amazonaws.com:5432",
      "type": "string"
    },
    "rds_resource_id": {
      "value": "db-IHWMKIXLK7J2BHRRXH4U6FLLH4",
      "type": "string"
    }
  },
  "resources": [
    {
      "mode": "data",
      "type": "aws_caller_identity",
      "name": "current",
      "provider": "provider[\"registry.terraform.io/hashicorp/aws\"]",
      "instances": [
        {
          "schema_version": 0,
          "attributes": {
            "account_id": "559413641916",
            "arn": "arn:aws:iam::559413641916:user/terraform_admin",
            "id": "559413641916",
            "user_id": "AIDAYEP5GYK6J6Q3LRE34"
          },
          "sensitive_attributes": [],
          "identity_schema_version": 0
        }
      ]
    },
    {
      "mode": "data",
      "type": "aws_region",
      "name": "current",
      "provider": "provider[\"registry.terraform.io/hashicorp/aws\"]",
      "instances": [
        {
          "schema_version": 0,
          "attributes": {
            "description": "US East (N. Virginia)",
            "endpoint": "ec2.us-east-1.amazonaws.com",
            "id": "us-east-1",
            "name": "us-east-1"
          },
          "sensitive_attributes": [],
          "identity_schema_version": 0
        }
      ]
    },
    {
      "mode": "data",
      "type": "aws_subnets",
      "name": "default",
      "provider": "provider[\"registry.terraform.io/hashicorp/aws\"]",
      "instances": [
        {
          "schema_version": 0,
          "attributes": {
            "filter": [
              {
                "name": "vpc-id",
                "values": [
                  "vpc-059d430abce443bb6"
                ]
              }
            ],
            "id": "us-east-1",
            "ids": [
              "subnet-08401589cf72fa66d",
              "subnet-068b3cf7549060e40",
              "subnet-0e41dd44473fa505f",
              "subnet-0f8fcf2b25ef76d71",
              "subnet-0e6bceadff8673bf7",
              "subnet-00823153e4305cbfc"
            ],
            "tags": null,
            "timeouts": null
          },
          "sensitive_attributes": [],
          "identity_schema_version": 0
        }
      ]
    },
    {
      "mode": "data",
      "type": "aws_vpc",
      "name": "default",
      "provider": "provider[\"registry.terraform.io/hashicorp/aws\"]",
      "instances": [
        {
          "schema_version": 0,
          "attributes": {
            "arn": "arn:aws:ec2:us-east-1:559413641916:vpc/vpc-059d430abce443bb6",
            "cidr_block": "172.31.0.0/16",
            "cidr_block_associations": [
              {
                "association_id": "vpc-cidr-assoc-0e9c85493ffa09ab3",
                "cidr_block": "172.31.0.0/16",
                "state": "associated"
              }
            ],
            "default": true,
            "dhcp_options_id": "dopt-0d991e19d3b62e078",
            "enable_dns_hostnames": true,
            "enable_dns_support": true,
            "enable_network_address_usage_metrics": false,
            "filter": null,
            "id": "vpc-059d430abce443bb6",
            "instance_tenancy": "default",
            "ipv6_association_id": "",
            "ipv6_cidr_block": "",
            "main_route_table_id": "rtb-0068f9454d1bf78de",
            "owner_id": "559413641916",
            "state": null,
            "tags": {},
            "timeouts": null
          },
          "sensitive_attributes": [],
          "identity_schema_version": 0
        }
      ]
    },
    {
      "mode": "managed",
      "type": "aws_cloudwatch_log_group",
      "name": "app_logs",
      "provider": "provider[\"registry.terraform.io/hashicorp/aws\"]",
      "instances": [
        {
          "schema_version": 0,
          "attributes": {
            "arn": "arn:aws:logs:us-east-1:559413641916:log-group:/ecs/watts-my-electricity-bill-be-dev",
            "id": "/ecs/watts-my-electricity-bill-be-dev",
            "kms_key_id": "",
            "log_group_class": "STANDARD",
            "name": "/ecs/watts-my-electricity-bill-be-dev",
            "name_prefix": "",
            "retention_in_days": 14,
            "skip_destroy": false,
            "tags": {},
            "tags_all": {}
          },
          "sensitive_attributes": [],
          "identity_schema_version": 0,
          "private": "bnVsbA=="
        }
      ]
    },
    {
      "mode": "managed",
      "type": "aws_db_instance",
      "name": "postgres",
      "provider": "provider[\"registry.terraform.io/hashicorp/aws\"]",
      "instances": [
        {
          "schema_version": 2,
          "attributes": {
            "address": "rails-postgres.c494qmu2cqts.us-east-1.rds.amazonaws.com",
            "allocated_storage": 20,
            "allow_major_version_upgrade": null,
            "apply_immediately": false,
            "arn": "arn:aws:rds:us-east-1:559413641916:db:rails-postgres",
            "auto_minor_version_upgrade": true,
            "availability_zone": "us-east-1a",
            "backup_retention_period": 0,
            "backup_target": "region",
            "backup_window": "05:09-05:39",
            "blue_green_update": [],
            "ca_cert_identifier": "rds-ca-rsa2048-g1",
            "character_set_name": "",
            "copy_tags_to_snapshot": false,
            "custom_iam_instance_profile": "",
            "customer_owned_ip_enabled": false,
            "database_insights_mode": "standard",
            "db_name": "my_app_db",
            "db_subnet_group_name": "my-app-db-subnet-group",
            "dedicated_log_volume": false,
            "delete_automated_backups": true,
            "deletion_protection": false,
            "domain": "",
            "domain_auth_secret_arn": "",
            "domain_dns_ips": [],
            "domain_fqdn": "",
            "domain_iam_role_name": "",
            "domain_ou": "",
            "enabled_cloudwatch_logs_exports": [
              "postgresql",
              "upgrade"
            ],
            "endpoint": "rails-postgres.c494qmu2cqts.us-east-1.rds.amazonaws.com:5432",
            "engine": "postgres",
            "engine_lifecycle_support": "open-source-rds-extended-support",
            "engine_version": "17.6",
            "engine_version_actual": "17.6",
            "final_snapshot_identifier": null,
            "hosted_zone_id": "Z2R2ITUGPM61AM",
            "iam_database_authentication_enabled": true,
            "id": "db-IHWMKIXLK7J2BHRRXH4U6FLLH4",
            "identifier": "rails-postgres",
            "identifier_prefix": "",
            "instance_class": "db.t4g.micro",
            "iops": 0,
            "kms_key_id": "arn:aws:kms:us-east-1:559413641916:key/51b7dd2b-2ae6-4f84-bfc8-15bb8c23fc41",
            "latest_restorable_time": "",
            "license_model": "postgresql-license",
            "listener_endpoint": [],
            "maintenance_window": "wed:10:26-wed:10:56",
            "manage_master_user_password": null,
            "master_user_secret": [],
            "master_user_secret_kms_key_id": null,
            "max_allocated_storage": 20,
            "monitoring_interval": 0,
            "monitoring_role_arn": "",
            "multi_az": false,
            "nchar_character_set_name": "",
            "network_type": "IPV4",
            "option_group_name": "default:postgres-17",
            "parameter_group_name": "default.postgres17",
            "password": "3x*\u0026A4Ph3yCt2B[SeZgpKUD%Pjxk9$*B",
            "password_wo": null,
            "password_wo_version": null,
            "performance_insights_enabled": false,
            "performance_insights_kms_key_id": "",
            "performance_insights_retention_period": 0,
            "port": 5432,
            "publicly_accessible": false,
            "replica_mode": "",
            "replicas": [],
            "replicate_source_db": "",
            "resource_id": "db-IHWMKIXLK7J2BHRRXH4U6FLLH4",
            "restore_to_point_in_time": [],
            "s3_import": [],
            "skip_final_snapshot": true,
            "snapshot_identifier": null,
            "status": "available",
            "storage_encrypted": true,
            "storage_throughput": 0,
            "storage_type": "gp2",
            "tags": {
              "Name": "rails-postgres"
            },
            "tags_all": {
              "Name": "rails-postgres"
            },
            "timeouts": null,
            "timezone": "",
            "upgrade_storage_config": null,
            "username": "postgres",
            "vpc_security_group_ids": [
              "sg-0193f1c3d568d6f61"
            ]
          },
          "sensitive_attributes": [
            [
              {
                "type": "get_attr",
                "value": "password"
              }
            ],
            [
              {
                "type": "get_attr",
                "value": "password_wo"
              }
            ]
          ],
          "identity_schema_version": 0,
          "private": "eyJlMmJmYjczMC1lY2FhLTExZTYtOGY4OC0zNDM2M2JjN2M0YzAiOnsiY3JlYXRlIjozMDAwMDAwMDAwMDAwLCJkZWxldGUiOjM2MDAwMDAwMDAwMDAsInVwZGF0ZSI6NDgwMDAwMDAwMDAwMH0sInNjaGVtYV92ZXJzaW9uIjoiMiJ9",
          "dependencies": [
            "aws_db_subnet_group.main",
            "aws_security_group.app_sg",
            "aws_security_group.rds",
            "data.aws_subnets.default",
            "data.aws_vpc.default",
            "random_password.db"
          ]
        }
      ]
    },
    {
      "mode": "managed",
      "type": "aws_db_subnet_group",
      "name": "main",
      "provider": "provider[\"registry.terraform.io/hashicorp/aws\"]",
      "instances": [
        {
          "schema_version": 0,
          "attributes": {
            "arn": "arn:aws:rds:us-east-1:559413641916:subgrp:my-app-db-subnet-group",
            "description": "Managed by Terraform",
            "id": "my-app-db-subnet-group",
            "name": "my-app-db-subnet-group",
            "name_prefix": "",
            "subnet_ids": [
              "subnet-068b3cf7549060e40",
              "subnet-08401589cf72fa66d"
            ],
            "supported_network_types": [
              "IPV4"
            ],
            "tags": {
              "Name": "my-app-db-subnet-group"
            },
            "tags_all": {
              "Name": "my-app-db-subnet-group"
            },
            "vpc_id": "vpc-059d430abce443bb6"
          },
          "sensitive_attributes": [],
          "identity_schema_version": 0,
          "private": "bnVsbA==",
          "dependencies": [
            "data.aws_subnets.default",
            "data.aws_vpc.default"
          ]
        }
      ]
    },
    {
      "mode": "managed",
      "type": "aws_ecr_lifecycle_policy",
      "name": "app_repo_policy",
      "provider": "provider[\"registry.terraform.io/hashicorp/aws\"]",
      "instances": [
        {
          "schema_version": 0,
          "attributes": {
            "id": "watts-my-electricity-bill-be-dev",
            "policy": "{\"rules\":[{\"action\":{\"type\":\"expire\"},\"description\":\"Keep last 4 images\",\"rulePriority\":1,\"selection\":{\"countNumber\":4,\"countType\":\"imageCountMoreThan\",\"tagStatus\":\"any\"}}]}",
            "registry_id": "559413641916",
            "repository": "watts-my-electricity-bill-be-dev"
          },
          "sensitive_attributes": [],
          "identity_schema_version": 0,
          "private": "bnVsbA==",
          "dependencies": [
            "aws_ecr_repository.app_repo"
          ]
        }
      ]
    },
    {
      "mode": "managed",
      "type": "aws_ecr_repository",
      "name": "app_repo",
      "provider": "provider[\"registry.terraform.io/hashicorp/aws\"]",
      "instances": [
        {
          "schema_version": 0,
          "attributes": {
            "arn": "arn:aws:ecr:us-east-1:559413641916:repository/watts-my-electricity-bill-be-dev",
            "encryption_configuration": [
              {
                "encryption_type": "AES256",
                "kms_key": ""
              }
            ],
            "force_delete": null,
            "id": "watts-my-electricity-bill-be-dev",
            "image_scanning_configuration": [
              {
                "scan_on_push": true
              }
            ],
            "image_tag_mutability": "MUTABLE",
            "name": "watts-my-electricity-bill-be-dev",
            "registry_id": "559413641916",
            "repository_url": "559413641916.dkr.ecr.us-east-1.amazonaws.com/watts-my-electricity-bill-be-dev",
            "tags": {},
            "tags_all": {},
            "timeouts": null
          },
          "sensitive_attributes": [],
          "identity_schema_version": 0,
          "private": "eyJlMmJmYjczMC1lY2FhLTExZTYtOGY4OC0zNDM2M2JjN2M0YzAiOnsiZGVsZXRlIjoxMjAwMDAwMDAwMDAwfX0="
        }
      ]
    },
    {
      "mode": "managed",
      "type": "aws_ecs_cluster",
      "name": "app_cluster",
      "provider": "provider[\"registry.terraform.io/hashicorp/aws\"]",
      "instances": [
        {
          "schema_version": 0,
          "attributes": {
            "arn": "arn:aws:ecs:us-east-1:559413641916:cluster/watts-my-electricity-bill-be-dev-cluster",
            "configuration": [],
            "id": "arn:aws:ecs:us-east-1:559413641916:cluster/watts-my-electricity-bill-be-dev-cluster",
            "name": "watts-my-electricity-bill-be-dev-cluster",
            "service_connect_defaults": [],
            "setting": [
              {
                "name": "containerInsights",
                "value": "disabled"
              }
            ],
            "tags": {},
            "tags_all": {}
          },
          "sensitive_attributes": [],
          "identity_schema_version": 0,
          "private": "bnVsbA=="
        }
      ]
    },
    {
      "mode": "managed",
      "type": "aws_ecs_service",
      "name": "app_service",
      "provider": "provider[\"registry.terraform.io/hashicorp/aws\"]",
      "instances": [
        {
          "schema_version": 1,
          "attributes": {
            "alarms": [],
            "availability_zone_rebalancing": "DISABLED",
            "capacity_provider_strategy": [],
            "cluster": "arn:aws:ecs:us-east-1:559413641916:cluster/watts-my-electricity-bill-be-dev-cluster",
            "deployment_circuit_breaker": [
              {
                "enable": false,
                "rollback": false
              }
            ],
            "deployment_controller": [
              {
                "type": "ECS"
              }
            ],
            "deployment_maximum_percent": 200,
            "deployment_minimum_healthy_percent": 100,
            "desired_count": 1,
            "enable_ecs_managed_tags": false,
            "enable_execute_command": false,
            "force_delete": null,
            "force_new_deployment": null,
            "health_check_grace_period_seconds": 0,
            "iam_role": "/aws-service-role/ecs.amazonaws.com/AWSServiceRoleForECS",
            "id": "arn:aws:ecs:us-east-1:559413641916:service/watts-my-electricity-bill-be-dev-cluster/watts-my-electricity-bill-be-dev-service",
            "launch_type": "FARGATE",
            "load_balancer": [],
            "name": "watts-my-electricity-bill-be-dev-service",
            "network_configuration": [
              {
                "assign_public_ip": true,
                "security_groups": [
                  "sg-025c1eade18fa70f5"
                ],
                "subnets": [
                  "subnet-00823153e4305cbfc",
                  "subnet-068b3cf7549060e40",
                  "subnet-08401589cf72fa66d",
                  "subnet-0e41dd44473fa505f",
                  "subnet-0e6bceadff8673bf7",
                  "subnet-0f8fcf2b25ef76d71"
                ]
              }
            ],
            "ordered_placement_strategy": [],
            "placement_constraints": [],
            "platform_version": "LATEST",
            "propagate_tags": "NONE",
            "scheduling_strategy": "REPLICA",
            "service_connect_configuration": [],
            "service_registries": [],
            "tags": {},
            "tags_all": {},
            "task_definition": "arn:aws:ecs:us-east-1:559413641916:task-definition/watts-my-electricity-bill-be-dev-task:8",
            "timeouts": null,
            "triggers": {},
            "volume_configuration": [],
            "vpc_lattice_configurations": [],
            "wait_for_steady_state": false
          },
          "sensitive_attributes": [],
          "identity_schema_version": 0,
          "private": "eyJlMmJmYjczMC1lY2FhLTExZTYtOGY4OC0zNDM2M2JjN2M0YzAiOnsiY3JlYXRlIjoxMjAwMDAwMDAwMDAwLCJkZWxldGUiOjEyMDAwMDAwMDAwMDAsInVwZGF0ZSI6MTIwMDAwMDAwMDAwMH0sInNjaGVtYV92ZXJzaW9uIjoiMSJ9",
          "dependencies": [
            "aws_cloudwatch_log_group.app_logs",
            "aws_db_instance.postgres",
            "aws_db_subnet_group.main",
            "aws_ecr_repository.app_repo",
            "aws_ecs_cluster.app_cluster",
            "aws_ecs_task_definition.app_task",
            "aws_iam_role.ecs_execution_role",
            "aws_iam_role.ecs_task_db",
            "aws_secretsmanager_secret.my_app",
            "aws_secretsmanager_secret.rails_master_key",
            "aws_security_group.app_sg",
            "aws_security_group.rds",
            "data.aws_region.current",
            "data.aws_subnets.default",
            "data.aws_vpc.default",
            "random_password.db"
          ]
        }
      ]
    },
    {
      "mode": "managed",
      "type": "aws_ecs_task_definition",
      "name": "app_task",
      "provider": "provider[\"registry.terraform.io/hashicorp/aws\"]",
      "instances": [
        {
          "schema_version": 1,
          "attributes": {
            "arn": "arn:aws:ecs:us-east-1:559413641916:task-definition/watts-my-electricity-bill-be-dev-task:8",
            "arn_without_revision": "arn:aws:ecs:us-east-1:559413641916:task-definition/watts-my-electricity-bill-be-dev-task",
            "container_definitions": "[{\"environment\":[{\"name\":\"AWS_REGION\",\"value\":\"us-east-1\"},{\"name\":\"DATABASE_HOST\",\"value\":\"rails-postgres.c494qmu2cqts.us-east-1.rds.amazonaws.com\"},{\"name\":\"DATABASE_NAME\",\"value\":\"my_app_db\"},{\"name\":\"DATABASE_PORT\",\"value\":\"5432\"}],\"essential\":true,\"image\":\"559413641916.dkr.ecr.us-east-1.amazonaws.com/watts-my-electricity-bill-be-dev:latest\",\"logConfiguration\":{\"logDriver\":\"awslogs\",\"options\":{\"awslogs-group\":\"/ecs/watts-my-electricity-bill-be-dev\",\"awslogs-region\":\"us-east-1\",\"awslogs-stream-prefix\":\"ecs\"}},\"mountPoints\":[],\"name\":\"watts-my-electricity-bill-be-container\",\"portMappings\":[{\"containerPort\":3000,\"hostPort\":3000,\"protocol\":\"tcp\"}],\"secrets\":[{\"name\":\"DATABASE_URL\",\"valueFrom\":\"arn:aws:secretsmanager:us-east-1:559413641916:secret:production/my_app/app-secrets-YHT4D6:database_url::\"},{\"name\":\"RAILS_MASTER_KEY\",\"valueFrom\":\"arn:aws:secretsmanager:us-east-1:559413641916:secret:production/my_app/rails_master_key-pLiGCy\"},{\"name\":\"SECRET_KEY_BASE\",\"valueFrom\":\"arn:aws:secretsmanager:us-east-1:559413641916:secret:production/my_app/app-secrets-YHT4D6:secret_key_base::\"}],\"systemControls\":[],\"volumesFrom\":[]}]",
            "cpu": "256",
            "enable_fault_injection": false,
            "ephemeral_storage": [],
            "execution_role_arn": "arn:aws:iam::559413641916:role/watts-my-electricity-bill-be-dev-ecs-execution-role",
            "family": "watts-my-electricity-bill-be-dev-task",
            "id": "watts-my-electricity-bill-be-dev-task",
            "inference_accelerator": [],
            "ipc_mode": "",
            "memory": "512",
            "network_mode": "awsvpc",
            "pid_mode": "",
            "placement_constraints": [],
            "proxy_configuration": [],
            "requires_compatibilities": [
              "FARGATE"
            ],
            "revision": 8,
            "runtime_platform": [],
            "skip_destroy": false,
            "tags": null,
            "tags_all": {},
            "task_role_arn": "arn:aws:iam::559413641916:role/watts-my-electricity-bill-be-dev-ecs-execution-db-role",
            "track_latest": false,
            "volume": []
          },
          "sensitive_attributes": [],
          "identity_schema_version": 0,
          "private": "eyJzY2hlbWFfdmVyc2lvbiI6IjEifQ==",
          "dependencies": [
            "aws_cloudwatch_log_group.app_logs",
            "aws_db_instance.postgres",
            "aws_db_subnet_group.main",
            "aws_ecr_repository.app_repo",
            "aws_iam_role.ecs_execution_role",
            "aws_iam_role.ecs_task_db",
            "aws_secretsmanager_secret.my_app",
            "aws_secretsmanager_secret.rails_master_key",
            "aws_security_group.app_sg",
            "aws_security_group.rds",
            "data.aws_region.current",
            "data.aws_subnets.default",
            "data.aws_vpc.default",
            "random_password.db"
          ]
        }
      ]
    },
    {
      "mode": "managed",
      "type": "aws_iam_role",
      "name": "ecs_execution_role",
      "provider": "provider[\"registry.terraform.io/hashicorp/aws\"]",
      "instances": [
        {
          "schema_version": 0,
          "attributes": {
            "arn": "arn:aws:iam::559413641916:role/watts-my-electricity-bill-be-dev-ecs-execution-role",
            "assume_role_policy": "{\"Statement\":[{\"Action\":\"sts:AssumeRole\",\"Effect\":\"Allow\",\"Principal\":{\"Service\":\"ecs-tasks.amazonaws.com\"}}],\"Version\":\"2012-10-17\"}",
            "create_date": "2025-12-08T22:53:22Z",
            "description": "",
            "force_detach_policies": false,
            "id": "watts-my-electricity-bill-be-dev-ecs-execution-role",
            "inline_policy": [
              {
                "name": "terraform-20260107054828732200000002",
                "policy": "{\"Version\":\"2012-10-17\",\"Statement\":[{\"Action\":[\"secretsmanager:GetSecretValue\"],\"Effect\":\"Allow\",\"Resource\":\"arn:aws:secretsmanager:us-east-1:559413641916:secret:production/my_app/app-secrets-YHT4D6\"}]}"
              }
            ],
            "managed_policy_arns": [
              "arn:aws:iam::aws:policy/service-role/AmazonECSTaskExecutionRolePolicy"
            ],
            "max_session_duration": 3600,
            "name": "watts-my-electricity-bill-be-dev-ecs-execution-role",
            "name_prefix": "",
            "path": "/",
            "permissions_boundary": "",
            "tags": {},
            "tags_all": {},
            "unique_id": "AROAYEP5GYK6KYXB4U4VF"
          },
          "sensitive_attributes": [],
          "identity_schema_version": 0,
          "private": "bnVsbA=="
        }
      ]
    },
    {
      "mode": "managed",
      "type": "aws_iam_role",
      "name": "ecs_task_db",
      "provider": "provider[\"registry.terraform.io/hashicorp/aws\"]",
      "instances": [
        {
          "schema_version": 0,
          "attributes": {
            "arn": "arn:aws:iam::559413641916:role/watts-my-electricity-bill-be-dev-ecs-execution-db-role",
            "assume_role_policy": "{\"Statement\":[{\"Action\":\"sts:AssumeRole\",\"Effect\":\"Allow\",\"Principal\":{\"Service\":\"ecs-tasks.amazonaws.com\"}}],\"Version\":\"2012-10-17\"}",
            "create_date": "2026-01-07T05:48:28Z",
            "description": "",
            "force_detach_policies": false,
            "id": "watts-my-electricity-bill-be-dev-ecs-execution-db-role",
            "inline_policy": [
              {
                "name": "rds-iam-auth",
                "policy": "{\"Version\":\"2012-10-17\",\"Statement\":[{\"Action\":[\"rds-db:connect\"],\"Effect\":\"Allow\",\"Resource\":\"arn:aws:rds:us-east-1:559413641916:db:db-IHWMKIXLK7J2BHRRXH4U6FLLH4\"}]}"
              }
            ],
            "managed_policy_arns": [],
            "max_session_duration": 3600,
            "name": "watts-my-electricity-bill-be-dev-ecs-execution-db-role",
            "name_prefix": "",
            "path": "/",
            "permissions_boundary": "",
            "tags": {},
            "tags_all": {},
            "unique_id": "AROAYEP5GYK6PS7IIIX6C"
          },
          "sensitive_attributes": [],
          "identity_schema_version": 0,
          "private": "bnVsbA=="
        }
      ]
    },
    {
      "mode": "managed",
      "type": "aws_iam_role_policy",
      "name": "execution_secrets",
      "provider": "provider[\"registry.terraform.io/hashicorp/aws\"]",
      "instances": [
        {
          "schema_version": 0,
          "attributes": {
            "id": "watts-my-electricity-bill-be-dev-ecs-execution-role:terraform-20260107054828732200000002",
            "name": "terraform-20260107054828732200000002",
            "name_prefix": "terraform-",
            "policy": "{\"Version\":\"2012-10-17\",\"Statement\":[{\"Action\":[\"secretsmanager:GetSecretValue\"],\"Effect\":\"Allow\",\"Resource\":\"arn:aws:secretsmanager:us-east-1:559413641916:secret:production/my_app/app-secrets-YHT4D6\"}]}",
            "role": "watts-my-electricity-bill-be-dev-ecs-execution-role"
          },
          "sensitive_attributes": [],
          "identity_schema_version": 0,
          "private": "bnVsbA==",
          "dependencies": [
            "aws_iam_role.ecs_execution_role",
            "aws_secretsmanager_secret.my_app"
          ]
        }
      ]
    },
    {
      "mode": "managed",
      "type": "aws_iam_role_policy",
      "name": "rds_connect",
      "provider": "provider[\"registry.terraform.io/hashicorp/aws\"]",
      "instances": [
        {
          "schema_version": 0,
          "attributes": {
            "id": "watts-my-electricity-bill-be-dev-ecs-execution-db-role:rds-iam-auth",
            "name": "rds-iam-auth",
            "name_prefix": "",
            "policy": "{\"Version\":\"2012-10-17\",\"Statement\":[{\"Action\":[\"rds-db:connect\"],\"Effect\":\"Allow\",\"Resource\":\"arn:aws:rds:us-east-1:559413641916:db:db-IHWMKIXLK7J2BHRRXH4U6FLLH4\"}]}",
            "role": "watts-my-electricity-bill-be-dev-ecs-execution-db-role"
          },
          "sensitive_attributes": [],
          "identity_schema_version": 0,
          "private": "bnVsbA==",
          "dependencies": [
            "aws_db_instance.postgres",
            "aws_db_subnet_group.main",
            "aws_iam_role.ecs_task_db",
            "aws_security_group.app_sg",
            "aws_security_group.rds",
            "data.aws_caller_identity.current",
            "data.aws_region.current",
            "data.aws_subnets.default",
            "data.aws_vpc.default",
            "random_password.db"
          ]
        }
      ]
    },
    {
      "mode": "managed",
      "type": "aws_iam_role_policy_attachment",
      "name": "ecs_execution_role_policy",
      "provider": "provider[\"registry.terraform.io/hashicorp/aws\"]",
      "instances": [
        {
          "schema_version": 0,
          "attributes": {
            "id": "watts-my-electricity-bill-be-dev-ecs-execution-role-20251208225322641200000001",
            "policy_arn": "arn:aws:iam::aws:policy/service-role/AmazonECSTaskExecutionRolePolicy",
            "role": "watts-my-electricity-bill-be-dev-ecs-execution-role"
          },
          "sensitive_attributes": [],
          "identity_schema_version": 0,
          "private": "bnVsbA==",
          "dependencies": [
            "aws_iam_role.ecs_execution_role"
          ]
        }
      ]
    },
    {
      "mode": "managed",
      "type": "aws_secretsmanager_secret",
      "name": "my_app",
      "provider": "provider[\"registry.terraform.io/hashicorp/aws\"]",
      "instances": [
        {
          "schema_version": 0,
          "attributes": {
            "arn": "arn:aws:secretsmanager:us-east-1:559413641916:secret:production/my_app/app-secrets-YHT4D6",
            "description": "",
            "force_overwrite_replica_secret": false,
            "id": "arn:aws:secretsmanager:us-east-1:559413641916:secret:production/my_app/app-secrets-YHT4D6",
            "kms_key_id": "",
            "name": "production/my_app/app-secrets",
            "name_prefix": "",
            "policy": "",
            "recovery_window_in_days": 30,
            "replica": [],
            "tags": {},
            "tags_all": {}
          },
          "sensitive_attributes": [],
          "identity_schema_version": 0,
          "private": "bnVsbA=="
        }
      ]
    },
    {
      "mode": "managed",
      "type": "aws_secretsmanager_secret",
      "name": "rails_master_key",
      "provider": "provider[\"registry.terraform.io/hashicorp/aws\"]",
      "instances": [
        {
          "schema_version": 0,
          "attributes": {
            "arn": "arn:aws:secretsmanager:us-east-1:559413641916:secret:production/my_app/rails_master_key-pLiGCy",
            "description": "",
            "force_overwrite_replica_secret": false,
            "id": "arn:aws:secretsmanager:us-east-1:559413641916:secret:production/my_app/rails_master_key-pLiGCy",
            "kms_key_id": "",
            "name": "production/my_app/rails_master_key",
            "name_prefix": "",
            "policy": "",
            "recovery_window_in_days": 30,
            "replica": [],
            "tags": {},
            "tags_all": {}
          },
          "sensitive_attributes": [],
          "identity_schema_version": 0,
          "private": "bnVsbA=="
        }
      ]
    },
    {
      "mode": "managed",
      "type": "aws_secretsmanager_secret_version",
      "name": "my_app",
      "provider": "provider[\"registry.terraform.io/hashicorp/aws\"]",
      "instances": [
        {
          "schema_version": 0,
          "attributes": {
            "arn": "arn:aws:secretsmanager:us-east-1:559413641916:secret:production/my_app/app-secrets-YHT4D6",
            "has_secret_string_wo": null,
            "id": "arn:aws:secretsmanager:us-east-1:559413641916:secret:production/my_app/app-secrets-YHT4D6|terraform-20260107055621218600000001",
            "secret_binary": "",
            "secret_id": "arn:aws:secretsmanager:us-east-1:559413641916:secret:production/my_app/app-secrets-YHT4D6",
            "secret_string": "{\"database_url\":\"postgresql://rails_user:3x*\\u0026A4Ph3yCt2B[SeZgpKUD%Pjxk9$*B@rails-postgres.c494qmu2cqts.us-east-1.rds.amazonaws.com:5432/my_app_db?sslmode=require\\u0026connect_timeout=10\",\"secret_key_base\":\"1Ms7GCrQXO390Q46waVjXm5knb8Pn9tZGbxFfkWnvudoNJqBPZmTbNlgLVJulpDxw1OCRobu4rAeLWufR2uELNKIsWP5Z2h8L5ta0iQcV68NSSsh3aEAWZZJK95ZX2od\"}",
            "secret_string_wo": null,
            "secret_string_wo_version": null,
            "version_id": "terraform-20260107055621218600000001",
            "version_stages": [
              "AWSCURRENT"
            ]
          },
          "sensitive_attributes": [
            [
              {
                "type": "get_attr",
                "value": "secret_binary"
              }
            ],
            [
              {
                "type": "get_attr",
                "value": "secret_string"
              }
            ],
            [
              {
                "type": "get_attr",
                "value": "secret_string_wo"
              }
            ]
          ],
          "identity_schema_version": 0,
          "private": "bnVsbA==",
          "dependencies": [
            "aws_db_instance.postgres",
            "aws_db_subnet_group.main",
            "aws_secretsmanager_secret.my_app",
            "aws_security_group.app_sg",
            "aws_security_group.rds",
            "data.aws_subnets.default",
            "data.aws_vpc.default",
            "random_password.db",
            "random_password.secret_key"
          ]
        }
      ]
    },
    {
      "mode": "managed",
      "type": "aws_security_group",
      "name": "app_sg",
      "provider": "provider[\"registry.terraform.io/hashicorp/aws\"]",
      "instances": [
        {
          "schema_version": 1,
          "attributes": {
            "arn": "arn:aws:ec2:us-east-1:559413641916:security-group/sg-025c1eade18fa70f5",
            "description": "Security group for watts-my-electricity-bill-be application",
            "egress": [
              {
                "cidr_blocks": [
                  "0.0.0.0/0"
                ],
                "description": "",
                "from_port": 0,
                "ipv6_cidr_blocks": [],
                "prefix_list_ids": [],
                "protocol": "-1",
                "security_groups": [],
                "self": false,
                "to_port": 0
              }
            ],
            "id": "sg-025c1eade18fa70f5",
            "ingress": [
              {
                "cidr_blocks": [
                  "0.0.0.0/0"
                ],
                "description": "",
                "from_port": 3000,
                "ipv6_cidr_blocks": [],
                "prefix_list_ids": [],
                "protocol": "tcp",
                "security_groups": [],
                "self": false,
                "to_port": 3000
              }
            ],
            "name": "watts-my-electricity-bill-be-dev-sg",
            "name_prefix": "",
            "owner_id": "559413641916",
            "revoke_rules_on_delete": false,
            "tags": {},
            "tags_all": {},
            "timeouts": null,
            "vpc_id": "vpc-059d430abce443bb6"
          },
          "sensitive_attributes": [],
          "identity_schema_version": 0,
          "private": "eyJlMmJmYjczMC1lY2FhLTExZTYtOGY4OC0zNDM2M2JjN2M0YzAiOnsiY3JlYXRlIjo2MDAwMDAwMDAwMDAsImRlbGV0ZSI6OTAwMDAwMDAwMDAwfSwic2NoZW1hX3ZlcnNpb24iOiIxIn0=",
          "dependencies": [
            "data.aws_vpc.default"
          ]
        }
      ]
    },
    {
      "mode": "managed",
      "type": "aws_security_group",
      "name": "rds",
      "provider": "provider[\"registry.terraform.io/hashicorp/aws\"]",
      "instances": [
        {
          "schema_version": 1,
          "attributes": {
            "arn": "arn:aws:ec2:us-east-1:559413641916:security-group/sg-0193f1c3d568d6f61",
            "description": "Security group for all RDS Postgres",
            "egress": [
              {
                "cidr_blocks": [
                  "0.0.0.0/0"
                ],
                "description": "",
                "from_port": 0,
                "ipv6_cidr_blocks": [],
                "prefix_list_ids": [],
                "protocol": "-1",
                "security_groups": [],
                "self": false,
                "to_port": 0
              }
            ],
            "id": "sg-0193f1c3d568d6f61",
            "ingress": [
              {
                "cidr_blocks": [],
                "description": "From ECS to Postgres",
                "from_port": 5432,
                "ipv6_cidr_blocks": [],
                "prefix_list_ids": [],
                "protocol": "tcp",
                "security_groups": [
                  "sg-025c1eade18fa70f5"
                ],
                "self": false,
                "to_port": 5432
              }
            ],
            "name": "rds-postgres-sg",
            "name_prefix": "",
            "owner_id": "559413641916",
            "revoke_rules_on_delete": false,
            "tags": {
              "Name": "rds-postgres-sg"
            },
            "tags_all": {
              "Name": "rds-postgres-sg"
            },
            "timeouts": null,
            "vpc_id": "vpc-059d430abce443bb6"
          },
          "sensitive_attributes": [],
          "identity_schema_version": 0,
          "private": "eyJlMmJmYjczMC1lY2FhLTExZTYtOGY4OC0zNDM2M2JjN2M0YzAiOnsiY3JlYXRlIjo2MDAwMDAwMDAwMDAsImRlbGV0ZSI6OTAwMDAwMDAwMDAwfSwic2NoZW1hX3ZlcnNpb24iOiIxIn0=",
          "dependencies": [
            "aws_security_group.app_sg",
            "data.aws_vpc.default"
          ]
        }
      ]
    },
    {
      "mode": "managed",
      "type": "random_password",
      "name": "db",
      "provider": "provider[\"registry.terraform.io/hashicorp/random\"]",
      "instances": [
        {
          "schema_version": 3,
          "attributes": {
            "bcrypt_hash": "$2a$10$iAK4D0zi/Ey5vjbkR7ee7.yDy8QlaEmV1lBZiehJVQHSt2U9BB302",
            "id": "none",
            "keepers": null,
            "length": 32,
            "lower": true,
            "min_lower": 0,
            "min_numeric": 0,
            "min_special": 0,
            "min_upper": 0,
            "number": true,
            "numeric": true,
            "override_special": null,
            "result": "3x*\u0026A4Ph3yCt2B[SeZgpKUD%Pjxk9$*B",
            "special": true,
            "upper": true
          },
          "sensitive_attributes": [
            [
              {
                "type": "get_attr",
                "value": "bcrypt_hash"
              }
            ],
            [
              {
                "type": "get_attr",
                "value": "result"
              }
            ]
          ],
          "identity_schema_version": 0
        }
      ]
    },
    {
      "mode": "managed",
      "type": "random_password",
      "name": "secret_key",
      "provider": "provider[\"registry.terraform.io/hashicorp/random\"]",
      "instances": [
        {
          "schema_version": 3,
          "attributes": {
            "bcrypt_hash": "$2a$10$WhqTrdN7HJQG/slXPCj/i.du/pKdQRYbaWuUVrckWXZ8VHcpGGyM.",
            "id": "none",
            "keepers": null,
            "length": 128,
            "lower": true,
            "min_lower": 0,
            "min_numeric": 0,
            "min_special": 0,
            "min_upper": 0,
            "number": true,
            "numeric": true,
            "override_special": null,
            "result": "1Ms7GCrQXO390Q46waVjXm5knb8Pn9tZGbxFfkWnvudoNJqBPZmTbNlgLVJulpDxw1OCRobu4rAeLWufR2uELNKIsWP5Z2h8L5ta0iQcV68NSSsh3aEAWZZJK95ZX2od",
            "special": false,
            "upper": true
          },
          "sensitive_attributes": [
            [
              {
                "type": "get_attr",
                "value": "bcrypt_hash"
              }
            ],
            [
              {
                "type": "get_attr",
                "value": "result"
              }
            ]
          ],
          "identity_schema_version": 0
        }
      ]
    }
  ],
  "check_results": null
}
